
Microsoft Visual Studio Solution File, Format Version 12.00
# Visual Studio Version 17
VisualStudioVersion = 17.0.32014.148
MinimumVisualStudioVersion = 10.0.40219.1
Project("{FAE04EC0-301F-11D3-BF4B-00C04F79EFBC}") = "fontconv", "fontconv\fontconv.csproj", "{78A795BF-D93B-4049-87B2-F65095FB6606}"
EndProject
Global
	GlobalSection(SolutionConfigurationPlatforms) = preSolution
		Debug|Any CPU = Debug|Any CPU
		Release|Any CPU = Release|Any CPU
	EndGlobalSection
	GlobalSection(ProjectConfigurationPlatforms) = postSolution
		{78A795BF-D93B-4049-87B2-F65095FB6606}.Debug|Any CPU.ActiveCfg = Debug|Any CPU
		{78A795BF-D93B-4049-87B2-F65095FB6606}.Debug|Any CPU.Build.0 = Debug|Any CPU
		{78A795BF-D93B-4049-87B2-F65095FB6606}.Release|Any CPU.ActiveCfg = Release|Any CPU
		{78A795BF-D93B-4049-87B2-F65095FB6606}.Release|Any CPU.Build.0 = Release|Any CPU
	EndGlobalSection
	GlobalSection(SolutionProperties) = preSolution
		HideSolutionNode = FALSE
	EndGlobalSection
	GlobalSection(ExtensibilityGlobals) = postSolution
		SolutionGuid = {38E2A0EE-D963-4E3E-AD53-A71DF090C07E}
	EndGlobalSection
EndGlobal
