
Microsoft Visual Studio Solution File, Format Version 12.00
# Visual Studio Version 17
VisualStudioVersion = 17.0.32014.148
MinimumVisualStudioVersion = 10.0.40219.1
Project("{FAE04EC0-301F-11D3-BF4B-00C04F79EFBC}") = "icontest", "icontest\icontest.csproj", "{58727131-6EDB-4FAD-B3A7-53C90923FBFB}"
EndProject
Global
	GlobalSection(SolutionConfigurationPlatforms) = preSolution
		Debug|Any CPU = Debug|Any CPU
		Release|Any CPU = Release|Any CPU
	EndGlobalSection
	GlobalSection(ProjectConfigurationPlatforms) = postSolution
		{58727131-6EDB-4FAD-B3A7-53C90923FBFB}.Debug|Any CPU.ActiveCfg = Debug|Any CPU
		{58727131-6EDB-4FAD-B3A7-53C90923FBFB}.Debug|Any CPU.Build.0 = Debug|Any CPU
		{58727131-6EDB-4FAD-B3A7-53C90923FBFB}.Release|Any CPU.ActiveCfg = Release|Any CPU
		{58727131-6EDB-4FAD-B3A7-53C90923FBFB}.Release|Any CPU.Build.0 = Release|Any CPU
	EndGlobalSection
	GlobalSection(SolutionProperties) = preSolution
		HideSolutionNode = FALSE
	EndGlobalSection
	GlobalSection(ExtensibilityGlobals) = postSolution
		SolutionGuid = {1DED6CAD-5FA8-474D-8C48-ECCCD8EB570B}
	EndGlobalSection
EndGlobal
